github.com/sunao-uehara/go-modules v1.0.0 h1:8A8CjESQOLyQH/sEY0ftfrylaKOG+1ISJZNW92MuHIs=
github.com/sunao-uehara/go-modules v1.0.0/go.mod h1:uHoqmGGeloI61Qarb6Qy0Mlh0mKDOeNv0TVKqRmwknY=
github.com/sunao-uehara/go-modules v1.0.1 h1:WFcWsDWGgUlXfuXZ2nwQkb5eIXv001wVyrcXKrET214=
github.com/sunao-uehara/go-modules v1.0.1/go.mod h1:uHoqmGGeloI61Qarb6Qy0Mlh0mKDOeNv0TVKqRmwknY=
